
Microsoft Visual Studio Solution File, Format Version 12.00
# Visual Studio Version 17
VisualStudioVersion = 17.4.33213.308
MinimumVisualStudioVersion = 10.0.40219.1
Project("{FAE04EC0-301F-11D3-BF4B-00C04F79EFBC}") = "BlazorWassApp.Server", "BlazorWassApp\Server\BlazorWassApp.Server.csproj", "{CE83D699-2834-464C-ACDC-F20B40BE18EF}"
EndProject
Project("{FAE04EC0-301F-11D3-BF4B-00C04F79EFBC}") = "BlazorWassApp.Client", "BlazorWassApp\Client\BlazorWassApp.Client.csproj", "{A622E17C-7784-46DF-95C7-01001D1E970A}"
EndProject
Project("{FAE04EC0-301F-11D3-BF4B-00C04F79EFBC}") = "BlazorWassApp.Shared", "BlazorWassApp\Shared\BlazorWassApp.Shared.csproj", "{7E96A9B3-1937-41E1-90C5-6D3021AA0BB1}"
EndProject
Global
	GlobalSection(SolutionConfigurationPlatforms) = preSolution
		Debug|Any CPU = Debug|Any CPU
		Release|Any CPU = Release|Any CPU
	EndGlobalSection
	GlobalSection(ProjectConfigurationPlatforms) = postSolution
		{CE83D699-2834-464C-ACDC-F20B40BE18EF}.Debug|Any CPU.ActiveCfg = Debug|Any CPU
		{CE83D699-2834-464C-ACDC-F20B40BE18EF}.Debug|Any CPU.Build.0 = Debug|Any CPU
		{CE83D699-2834-464C-ACDC-F20B40BE18EF}.Release|Any CPU.ActiveCfg = Release|Any CPU
		{CE83D699-2834-464C-ACDC-F20B40BE18EF}.Release|Any CPU.Build.0 = Release|Any CPU
		{A622E17C-7784-46DF-95C7-01001D1E970A}.Debug|Any CPU.ActiveCfg = Debug|Any CPU
		{A622E17C-7784-46DF-95C7-01001D1E970A}.Debug|Any CPU.Build.0 = Debug|Any CPU
		{A622E17C-7784-46DF-95C7-01001D1E970A}.Release|Any CPU.ActiveCfg = Release|Any CPU
		{A622E17C-7784-46DF-95C7-01001D1E970A}.Release|Any CPU.Build.0 = Release|Any CPU
		{7E96A9B3-1937-41E1-90C5-6D3021AA0BB1}.Debug|Any CPU.ActiveCfg = Debug|Any CPU
		{7E96A9B3-1937-41E1-90C5-6D3021AA0BB1}.Debug|Any CPU.Build.0 = Debug|Any CPU
		{7E96A9B3-1937-41E1-90C5-6D3021AA0BB1}.Release|Any CPU.ActiveCfg = Release|Any CPU
		{7E96A9B3-1937-41E1-90C5-6D3021AA0BB1}.Release|Any CPU.Build.0 = Release|Any CPU
	EndGlobalSection
	GlobalSection(SolutionProperties) = preSolution
		HideSolutionNode = FALSE
	EndGlobalSection
	GlobalSection(ExtensibilityGlobals) = postSolution
		SolutionGuid = {96EC192B-3B8A-492F-A4AA-8483B79CDE13}
	EndGlobalSection
EndGlobal
